
Microsoft Visual Studio Solution File, Format Version 12.00
# Visual Studio Version 17
VisualStudioVersion = 17.0.31903.59
MinimumVisualStudioVersion = 10.0.40219.1
Project("{FAE04EC0-301F-11D3-BF4B-00C04F79EFBC}") = "API", "API\API.csproj", "{71ADAC6F-2206-4737-96ED-852CF697BE07}"
EndProject
Project("{FAE04EC0-301F-11D3-BF4B-00C04F79EFBC}") = "Application", "Application\Application.csproj", "{45B17D31-CD9B-48AE-8BF0-5A6F8E0912F6}"
EndProject
Project("{FAE04EC0-301F-11D3-BF4B-00C04F79EFBC}") = "Domain", "Domain\Domain.csproj", "{A6716589-9618-4AE3-8A3D-5DDEDF6F7AE1}"
EndProject
Project("{FAE04EC0-301F-11D3-BF4B-00C04F79EFBC}") = "Persistence", "Persistence\Persistence.csproj", "{4B7C646F-9C63-43F0-99B0-0281CE211C44}"
EndProject
Project("{FAE04EC0-301F-11D3-BF4B-00C04F79EFBC}") = "Infrastructure", "Infrastructure\Infrastructure.csproj", "{4C014C04-1A1F-4F95-BF6A-94DB67E3364C}"
EndProject
Global
	GlobalSection(SolutionConfigurationPlatforms) = preSolution
		Debug|Any CPU = Debug|Any CPU
		Debug|x64 = Debug|x64
		Debug|x86 = Debug|x86
		Release|Any CPU = Release|Any CPU
		Release|x64 = Release|x64
		Release|x86 = Release|x86
	EndGlobalSection
	GlobalSection(ProjectConfigurationPlatforms) = postSolution
		{71ADAC6F-2206-4737-96ED-852CF697BE07}.Debug|Any CPU.ActiveCfg = Debug|Any CPU
		{71ADAC6F-2206-4737-96ED-852CF697BE07}.Debug|Any CPU.Build.0 = Debug|Any CPU
		{71ADAC6F-2206-4737-96ED-852CF697BE07}.Debug|x64.ActiveCfg = Debug|Any CPU
		{71ADAC6F-2206-4737-96ED-852CF697BE07}.Debug|x64.Build.0 = Debug|Any CPU
		{71ADAC6F-2206-4737-96ED-852CF697BE07}.Debug|x86.ActiveCfg = Debug|Any CPU
		{71ADAC6F-2206-4737-96ED-852CF697BE07}.Debug|x86.Build.0 = Debug|Any CPU
		{71ADAC6F-2206-4737-96ED-852CF697BE07}.Release|Any CPU.ActiveCfg = Release|Any CPU
		{71ADAC6F-2206-4737-96ED-852CF697BE07}.Release|Any CPU.Build.0 = Release|Any CPU
		{71ADAC6F-2206-4737-96ED-852CF697BE07}.Release|x64.ActiveCfg = Release|Any CPU
		{71ADAC6F-2206-4737-96ED-852CF697BE07}.Release|x64.Build.0 = Release|Any CPU
		{71ADAC6F-2206-4737-96ED-852CF697BE07}.Release|x86.ActiveCfg = Release|Any CPU
		{71ADAC6F-2206-4737-96ED-852CF697BE07}.Release|x86.Build.0 = Release|Any CPU
		{45B17D31-CD9B-48AE-8BF0-5A6F8E0912F6}.Debug|Any CPU.ActiveCfg = Debug|Any CPU
		{45B17D31-CD9B-48AE-8BF0-5A6F8E0912F6}.Debug|Any CPU.Build.0 = Debug|Any CPU
		{45B17D31-CD9B-48AE-8BF0-5A6F8E0912F6}.Debug|x64.ActiveCfg = Debug|Any CPU
		{45B17D31-CD9B-48AE-8BF0-5A6F8E0912F6}.Debug|x64.Build.0 = Debug|Any CPU
		{45B17D31-CD9B-48AE-8BF0-5A6F8E0912F6}.Debug|x86.ActiveCfg = Debug|Any CPU
		{45B17D31-CD9B-48AE-8BF0-5A6F8E0912F6}.Debug|x86.Build.0 = Debug|Any CPU
		{45B17D31-CD9B-48AE-8BF0-5A6F8E0912F6}.Release|Any CPU.ActiveCfg = Release|Any CPU
		{45B17D31-CD9B-48AE-8BF0-5A6F8E0912F6}.Release|Any CPU.Build.0 = Release|Any CPU
		{45B17D31-CD9B-48AE-8BF0-5A6F8E0912F6}.Release|x64.ActiveCfg = Release|Any CPU
		{45B17D31-CD9B-48AE-8BF0-5A6F8E0912F6}.Release|x64.Build.0 = Release|Any CPU
		{45B17D31-CD9B-48AE-8BF0-5A6F8E0912F6}.Release|x86.ActiveCfg = Release|Any CPU
		{45B17D31-CD9B-48AE-8BF0-5A6F8E0912F6}.Release|x86.Build.0 = Release|Any CPU
		{A6716589-9618-4AE3-8A3D-5DDEDF6F7AE1}.Debug|Any CPU.ActiveCfg = Debug|Any CPU
		{A6716589-9618-4AE3-8A3D-5DDEDF6F7AE1}.Debug|Any CPU.Build.0 = Debug|Any CPU
		{A6716589-9618-4AE3-8A3D-5DDEDF6F7AE1}.Debug|x64.ActiveCfg = Debug|Any CPU
		{A6716589-9618-4AE3-8A3D-5DDEDF6F7AE1}.Debug|x64.Build.0 = Debug|Any CPU
		{A6716589-9618-4AE3-8A3D-5DDEDF6F7AE1}.Debug|x86.ActiveCfg = Debug|Any CPU
		{A6716589-9618-4AE3-8A3D-5DDEDF6F7AE1}.Debug|x86.Build.0 = Debug|Any CPU
		{A6716589-9618-4AE3-8A3D-5DDEDF6F7AE1}.Release|Any CPU.ActiveCfg = Release|Any CPU
		{A6716589-9618-4AE3-8A3D-5DDEDF6F7AE1}.Release|Any CPU.Build.0 = Release|Any CPU
		{A6716589-9618-4AE3-8A3D-5DDEDF6F7AE1}.Release|x64.ActiveCfg = Release|Any CPU
		{A6716589-9618-4AE3-8A3D-5DDEDF6F7AE1}.Release|x64.Build.0 = Release|Any CPU
		{A6716589-9618-4AE3-8A3D-5DDEDF6F7AE1}.Release|x86.ActiveCfg = Release|Any CPU
		{A6716589-9618-4AE3-8A3D-5DDEDF6F7AE1}.Release|x86.Build.0 = Release|Any CPU
		{4B7C646F-9C63-43F0-99B0-0281CE211C44}.Debug|Any CPU.ActiveCfg = Debug|Any CPU
		{4B7C646F-9C63-43F0-99B0-0281CE211C44}.Debug|Any CPU.Build.0 = Debug|Any CPU
		{4B7C646F-9C63-43F0-99B0-0281CE211C44}.Debug|x64.ActiveCfg = Debug|Any CPU
		{4B7C646F-9C63-43F0-99B0-0281CE211C44}.Debug|x64.Build.0 = Debug|Any CPU
		{4B7C646F-9C63-43F0-99B0-0281CE211C44}.Debug|x86.ActiveCfg = Debug|Any CPU
		{4B7C646F-9C63-43F0-99B0-0281CE211C44}.Debug|x86.Build.0 = Debug|Any CPU
		{4B7C646F-9C63-43F0-99B0-0281CE211C44}.Release|Any CPU.ActiveCfg = Release|Any CPU
		{4B7C646F-9C63-43F0-99B0-0281CE211C44}.Release|Any CPU.Build.0 = Release|Any CPU
		{4B7C646F-9C63-43F0-99B0-0281CE211C44}.Release|x64.ActiveCfg = Release|Any CPU
		{4B7C646F-9C63-43F0-99B0-0281CE211C44}.Release|x64.Build.0 = Release|Any CPU
		{4B7C646F-9C63-43F0-99B0-0281CE211C44}.Release|x86.ActiveCfg = Release|Any CPU
		{4B7C646F-9C63-43F0-99B0-0281CE211C44}.Release|x86.Build.0 = Release|Any CPU
		{4C014C04-1A1F-4F95-BF6A-94DB67E3364C}.Debug|Any CPU.ActiveCfg = Debug|Any CPU
		{4C014C04-1A1F-4F95-BF6A-94DB67E3364C}.Debug|Any CPU.Build.0 = Debug|Any CPU
		{4C014C04-1A1F-4F95-BF6A-94DB67E3364C}.Debug|x64.ActiveCfg = Debug|Any CPU
		{4C014C04-1A1F-4F95-BF6A-94DB67E3364C}.Debug|x64.Build.0 = Debug|Any CPU
		{4C014C04-1A1F-4F95-BF6A-94DB67E3364C}.Debug|x86.ActiveCfg = Debug|Any CPU
		{4C014C04-1A1F-4F95-BF6A-94DB67E3364C}.Debug|x86.Build.0 = Debug|Any CPU
		{4C014C04-1A1F-4F95-BF6A-94DB67E3364C}.Release|Any CPU.ActiveCfg = Release|Any CPU
		{4C014C04-1A1F-4F95-BF6A-94DB67E3364C}.Release|Any CPU.Build.0 = Release|Any CPU
		{4C014C04-1A1F-4F95-BF6A-94DB67E3364C}.Release|x64.ActiveCfg = Release|Any CPU
		{4C014C04-1A1F-4F95-BF6A-94DB67E3364C}.Release|x64.Build.0 = Release|Any CPU
		{4C014C04-1A1F-4F95-BF6A-94DB67E3364C}.Release|x86.ActiveCfg = Release|Any CPU
		{4C014C04-1A1F-4F95-BF6A-94DB67E3364C}.Release|x86.Build.0 = Release|Any CPU
	EndGlobalSection
	GlobalSection(SolutionProperties) = preSolution
		HideSolutionNode = FALSE
	EndGlobalSection
EndGlobal
