
Microsoft Visual Studio Solution File, Format Version 12.00
# Visual Studio Version 17
VisualStudioVersion = 17.0.31903.59
MinimumVisualStudioVersion = 10.0.40219.1
Project("{FAE04EC0-301F-11D3-BF4B-00C04F79EFBC}") = "API", "API\API.csproj", "{89EBD36D-32D5-4808-8F67-75692852DC40}"
EndProject
Project("{FAE04EC0-301F-11D3-BF4B-00C04F79EFBC}") = "Domain", "Domain\Domain.csproj", "{8C4ECF3C-12E2-41D9-9161-EA2E89FA3A73}"
EndProject
Project("{FAE04EC0-301F-11D3-BF4B-00C04F79EFBC}") = "Application", "Application\Application.csproj", "{ECE418B3-F827-4009-A8AE-150B6C066D76}"
EndProject
Project("{FAE04EC0-301F-11D3-BF4B-00C04F79EFBC}") = "Persistence", "Persistence\Persistence.csproj", "{C6178DF7-972A-4935-907C-7CB2159CFC28}"
EndProject
Global
	GlobalSection(SolutionConfigurationPlatforms) = preSolution
		Debug|Any CPU = Debug|Any CPU
		Debug|x64 = Debug|x64
		Debug|x86 = Debug|x86
		Release|Any CPU = Release|Any CPU
		Release|x64 = Release|x64
		Release|x86 = Release|x86
	EndGlobalSection
	GlobalSection(ProjectConfigurationPlatforms) = postSolution
		{89EBD36D-32D5-4808-8F67-75692852DC40}.Debug|Any CPU.ActiveCfg = Debug|Any CPU
		{89EBD36D-32D5-4808-8F67-75692852DC40}.Debug|Any CPU.Build.0 = Debug|Any CPU
		{89EBD36D-32D5-4808-8F67-75692852DC40}.Debug|x64.ActiveCfg = Debug|Any CPU
		{89EBD36D-32D5-4808-8F67-75692852DC40}.Debug|x64.Build.0 = Debug|Any CPU
		{89EBD36D-32D5-4808-8F67-75692852DC40}.Debug|x86.ActiveCfg = Debug|Any CPU
		{89EBD36D-32D5-4808-8F67-75692852DC40}.Debug|x86.Build.0 = Debug|Any CPU
		{89EBD36D-32D5-4808-8F67-75692852DC40}.Release|Any CPU.ActiveCfg = Release|Any CPU
		{89EBD36D-32D5-4808-8F67-75692852DC40}.Release|Any CPU.Build.0 = Release|Any CPU
		{89EBD36D-32D5-4808-8F67-75692852DC40}.Release|x64.ActiveCfg = Release|Any CPU
		{89EBD36D-32D5-4808-8F67-75692852DC40}.Release|x64.Build.0 = Release|Any CPU
		{89EBD36D-32D5-4808-8F67-75692852DC40}.Release|x86.ActiveCfg = Release|Any CPU
		{89EBD36D-32D5-4808-8F67-75692852DC40}.Release|x86.Build.0 = Release|Any CPU
		{8C4ECF3C-12E2-41D9-9161-EA2E89FA3A73}.Debug|Any CPU.ActiveCfg = Debug|Any CPU
		{8C4ECF3C-12E2-41D9-9161-EA2E89FA3A73}.Debug|Any CPU.Build.0 = Debug|Any CPU
		{8C4ECF3C-12E2-41D9-9161-EA2E89FA3A73}.Debug|x64.ActiveCfg = Debug|Any CPU
		{8C4ECF3C-12E2-41D9-9161-EA2E89FA3A73}.Debug|x64.Build.0 = Debug|Any CPU
		{8C4ECF3C-12E2-41D9-9161-EA2E89FA3A73}.Debug|x86.ActiveCfg = Debug|Any CPU
		{8C4ECF3C-12E2-41D9-9161-EA2E89FA3A73}.Debug|x86.Build.0 = Debug|Any CPU
		{8C4ECF3C-12E2-41D9-9161-EA2E89FA3A73}.Release|Any CPU.ActiveCfg = Release|Any CPU
		{8C4ECF3C-12E2-41D9-9161-EA2E89FA3A73}.Release|Any CPU.Build.0 = Release|Any CPU
		{8C4ECF3C-12E2-41D9-9161-EA2E89FA3A73}.Release|x64.ActiveCfg = Release|Any CPU
		{8C4ECF3C-12E2-41D9-9161-EA2E89FA3A73}.Release|x64.Build.0 = Release|Any CPU
		{8C4ECF3C-12E2-41D9-9161-EA2E89FA3A73}.Release|x86.ActiveCfg = Release|Any CPU
		{8C4ECF3C-12E2-41D9-9161-EA2E89FA3A73}.Release|x86.Build.0 = Release|Any CPU
		{ECE418B3-F827-4009-A8AE-150B6C066D76}.Debug|Any CPU.ActiveCfg = Debug|Any CPU
		{ECE418B3-F827-4009-A8AE-150B6C066D76}.Debug|Any CPU.Build.0 = Debug|Any CPU
		{ECE418B3-F827-4009-A8AE-150B6C066D76}.Debug|x64.ActiveCfg = Debug|Any CPU
		{ECE418B3-F827-4009-A8AE-150B6C066D76}.Debug|x64.Build.0 = Debug|Any CPU
		{ECE418B3-F827-4009-A8AE-150B6C066D76}.Debug|x86.ActiveCfg = Debug|Any CPU
		{ECE418B3-F827-4009-A8AE-150B6C066D76}.Debug|x86.Build.0 = Debug|Any CPU
		{ECE418B3-F827-4009-A8AE-150B6C066D76}.Release|Any CPU.ActiveCfg = Release|Any CPU
		{ECE418B3-F827-4009-A8AE-150B6C066D76}.Release|Any CPU.Build.0 = Release|Any CPU
		{ECE418B3-F827-4009-A8AE-150B6C066D76}.Release|x64.ActiveCfg = Release|Any CPU
		{ECE418B3-F827-4009-A8AE-150B6C066D76}.Release|x64.Build.0 = Release|Any CPU
		{ECE418B3-F827-4009-A8AE-150B6C066D76}.Release|x86.ActiveCfg = Release|Any CPU
		{ECE418B3-F827-4009-A8AE-150B6C066D76}.Release|x86.Build.0 = Release|Any CPU
		{C6178DF7-972A-4935-907C-7CB2159CFC28}.Debug|Any CPU.ActiveCfg = Debug|Any CPU
		{C6178DF7-972A-4935-907C-7CB2159CFC28}.Debug|Any CPU.Build.0 = Debug|Any CPU
		{C6178DF7-972A-4935-907C-7CB2159CFC28}.Debug|x64.ActiveCfg = Debug|Any CPU
		{C6178DF7-972A-4935-907C-7CB2159CFC28}.Debug|x64.Build.0 = Debug|Any CPU
		{C6178DF7-972A-4935-907C-7CB2159CFC28}.Debug|x86.ActiveCfg = Debug|Any CPU
		{C6178DF7-972A-4935-907C-7CB2159CFC28}.Debug|x86.Build.0 = Debug|Any CPU
		{C6178DF7-972A-4935-907C-7CB2159CFC28}.Release|Any CPU.ActiveCfg = Release|Any CPU
		{C6178DF7-972A-4935-907C-7CB2159CFC28}.Release|Any CPU.Build.0 = Release|Any CPU
		{C6178DF7-972A-4935-907C-7CB2159CFC28}.Release|x64.ActiveCfg = Release|Any CPU
		{C6178DF7-972A-4935-907C-7CB2159CFC28}.Release|x64.Build.0 = Release|Any CPU
		{C6178DF7-972A-4935-907C-7CB2159CFC28}.Release|x86.ActiveCfg = Release|Any CPU
		{C6178DF7-972A-4935-907C-7CB2159CFC28}.Release|x86.Build.0 = Release|Any CPU
	EndGlobalSection
	GlobalSection(SolutionProperties) = preSolution
		HideSolutionNode = FALSE
	EndGlobalSection
EndGlobal
